
Microsoft Visual Studio Solution File, Format Version 12.00
# Visual Studio Version 16
VisualStudioVersion = 16.0.30128.74
MinimumVisualStudioVersion = 10.0.40219.1
Project("{FAE04EC0-301F-11D3-BF4B-00C04F79EFBC}") = "MotorGaleri", "MotorGaleri.csproj", "{8D9D9E7A-D315-4E26-9877-8D311E9A7826}"
EndProject
Global
	GlobalSection(SolutionConfigurationPlatforms) = preSolution
		Debug|Any CPU = Debug|Any CPU
		Release|Any CPU = Release|Any CPU
	EndGlobalSection
	GlobalSection(ProjectConfigurationPlatforms) = postSolution
		{8D9D9E7A-D315-4E26-9877-8D311E9A7826}.Debug|Any CPU.ActiveCfg = Debug|Any CPU
		{8D9D9E7A-D315-4E26-9877-8D311E9A7826}.Debug|Any CPU.Build.0 = Debug|Any CPU
		{8D9D9E7A-D315-4E26-9877-8D311E9A7826}.Release|Any CPU.ActiveCfg = Release|Any CPU
		{8D9D9E7A-D315-4E26-9877-8D311E9A7826}.Release|Any CPU.Build.0 = Release|Any CPU
	EndGlobalSection
	GlobalSection(SolutionProperties) = preSolution
		HideSolutionNode = FALSE
	EndGlobalSection
	GlobalSection(ExtensibilityGlobals) = postSolution
		SolutionGuid = {E051E4D6-BDEB-47CC-92A3-CA0077D8FB64}
	EndGlobalSection
EndGlobal
